
Microsoft Visual Studio Solution File, Format Version 12.00
# Visual Studio 14
VisualStudioVersion = 14.0.25420.1
MinimumVisualStudioVersion = 10.0.40219.1
Project("{FAE04EC0-301F-11D3-BF4B-00C04F79EFBC}") = "B6C2", "B6C2\B6C2.csproj", "{E12226ED-A312-4761-8D50-2AB2526928FB}"
EndProject
Global
	GlobalSection(SolutionConfigurationPlatforms) = preSolution
		Debug|Any CPU = Debug|Any CPU
		Release|Any CPU = Release|Any CPU
	EndGlobalSection
	GlobalSection(ProjectConfigurationPlatforms) = postSolution
		{E12226ED-A312-4761-8D50-2AB2526928FB}.Debug|Any CPU.ActiveCfg = Debug|Any CPU
		{E12226ED-A312-4761-8D50-2AB2526928FB}.Debug|Any CPU.Build.0 = Debug|Any CPU
		{E12226ED-A312-4761-8D50-2AB2526928FB}.Release|Any CPU.ActiveCfg = Release|Any CPU
		{E12226ED-A312-4761-8D50-2AB2526928FB}.Release|Any CPU.Build.0 = Release|Any CPU
	EndGlobalSection
	GlobalSection(SolutionProperties) = preSolution
		HideSolutionNode = FALSE
	EndGlobalSection
EndGlobal
